{
  "requires": true,
  "lockfileVersion": 1,
  "dependencies": {
    "jquery-easy-loading": {
      "version": "2.0.0-rc.2",
      "resolved": "https://registry.npmjs.org/jquery-easy-loading/-/jquery-easy-loading-2.0.0-rc.2.tgz",
      "integrity": "sha512-onWOmVz81OIK/DS0Z5aZiYfcPdwv7RX2N31kC8VJqY5UV0Sxe0kkl+Tlv1Fa1GaGnh4Px7WA9nbWcMfnNKLb6A=="
    }
  }
}
